
Microsoft Visual Studio Solution File, Format Version 12.00
# Visual Studio Version 17
VisualStudioVersion = 17.3.32804.467
MinimumVisualStudioVersion = 10.0.40219.1
Project("{FAE04EC0-301F-11D3-BF4B-00C04F79EFBC}") = "EJERCICIO FOR", "EJERCICIO FOR\EJERCICIO FOR.csproj", "{70D53707-FAC4-44C3-8947-43D3D05A7A75}"
EndProject
Global
	GlobalSection(SolutionConfigurationPlatforms) = preSolution
		Debug|Any CPU = Debug|Any CPU
		Release|Any CPU = Release|Any CPU
	EndGlobalSection
	GlobalSection(ProjectConfigurationPlatforms) = postSolution
		{70D53707-FAC4-44C3-8947-43D3D05A7A75}.Debug|Any CPU.ActiveCfg = Debug|Any CPU
		{70D53707-FAC4-44C3-8947-43D3D05A7A75}.Debug|Any CPU.Build.0 = Debug|Any CPU
		{70D53707-FAC4-44C3-8947-43D3D05A7A75}.Release|Any CPU.ActiveCfg = Release|Any CPU
		{70D53707-FAC4-44C3-8947-43D3D05A7A75}.Release|Any CPU.Build.0 = Release|Any CPU
	EndGlobalSection
	GlobalSection(SolutionProperties) = preSolution
		HideSolutionNode = FALSE
	EndGlobalSection
	GlobalSection(ExtensibilityGlobals) = postSolution
		SolutionGuid = {30655651-F7E9-435C-ABAD-3260271B0196}
	EndGlobalSection
EndGlobal
